{
    "_meta": {
        "hash": {
            "sha256": "5b1b960bab9a7b2764f29d59fd9c69402e8cc3921dd1a3b9a5c6517ff0e3fcc0"
        },
        "pipfile-spec": 6,
        "requires": {
            "python_version": "3.6"
        },
        "sources": [
            {
                "name": "pypi",
                "url": "https://pypi.org/simple",
                "verify_ssl": true
            }
        ]
    },
    "default": {
        "bottle": {
            "hashes": [
                "sha256:39b751aee0b167be8dffb63ca81b735bbf1dd0905b3bc42761efedee8f123355"
            ],
            "index": "pypi",
            "version": "==0.12.13"
        },
        "bottle-websocket": {
            "hashes": [
                "sha256:9887f70dc0c7592ed8d0d11a14aa95dede6cd08d50d83d5b81fd963e5fec738b"
            ],
            "index": "pypi",
            "version": "==0.2.9"
        },
        "gevent": {
            "hashes": [
                "sha256:201b14bb62f72073369f86f21f824bfc079477b864590d43574d625266d358ec",
                "sha256:298fff6b452e879ffd8de2cf17b453469bef4f34fecc1c3d2252358d01000d42",
                "sha256:2e9c15461ead5714fa70fb0179927410fcaeb39125ead575472a45d13973de32",
                "sha256:32a231c52a5e8c0a5e62ffa2d25f14cfa5fe6bc8856093f5babe3f1e32d471d3",
                "sha256:425edae7557599f16bf428b84d58f5aa5623c7ed9c2c2ef4a915046799992069",
                "sha256:42deb83ae2a1944f318e9a9ce4d8715ebcbfb62ca348787d43304ff25818c2c0",
                "sha256:55fa0607b72710372d37b35e9af85755a0c8bd0e3e82d70970a349feb2b426f6",
                "sha256:5fcf30b6172c6ae4f89dbe6051971a71bb04080d0eda9a0c31862054346d1ddd",
                "sha256:6eb85cce56bf530664f7661c4bf2fe5d9d4de231c1cd2860c7563c517a6f56dc",
                "sha256:77abcc8a9e04d33325b79d2130e1faf32a02069e63131c184802bb79fb5711d1",
                "sha256:7f15861f3cc92f49663ca88c4774d26d8044783a65fbc28071a2bd1c7bf36ff0",
                "sha256:82e0eb07ab596908295d49f27e84799bff73638e13699496048d13051c8421a1",
                "sha256:856ed81267a802eeaf925d7bf1a676c721f90c162c05ae906ab9c4646086c1a3",
                "sha256:8a8bcb9bbf7af0527ef77d86fa094b647d0e8cd377c5e31c1ad1a3d456b4a10b",
                "sha256:8bbf3f2ab60e39be4363923d2b5996bff65d4163fe560280b71bb8ca18df2055",
                "sha256:916457841e4f335ccd228ac274801f1773973d27be3c53ed3ee1209f7629950e",
                "sha256:a46b85bb42aeeab11f140587b8482d0f04d4b3db6f20f6668624bb0a822a28b0",
                "sha256:a52f5cef4073d9e8d58c8c44d4795cbc2e298d374125745637d8f078f8970b6b",
                "sha256:a7969bfff628318e9a0ce56ad322eed39d1047d7006a0b41dc2e8783349ecece",
                "sha256:aa04c207f6abb5d34de148e08b4d461544e808534000c4e5429eda08aa1204d6",
                "sha256:bd34e943810df73d7bf346262dae09281d045edebd086205e9ff2db377bae060",
                "sha256:d0a4d114890b6d619e81140550c45d3611588c00f2baa1d6af9362907687ca1d",
                "sha256:e2e3a6a2a147330d24e6e2b2f144c196841a707a41ee61253565d400ed7df62f"
            ],
            "index": "pypi",
            "version": "==1.3.5"
        },
        "gevent-websocket": {
            "hashes": [
                "sha256:17b67d91282f8f4c973eba0551183fc84f56f1c90c8f6b6b30256f31f66f5242",
                "sha256:7eaef32968290c9121f7c35b973e2cc302ffb076d018c9068d2f5ca8b2d85fb0"
            ],
            "index": "pypi",
            "version": "==0.10.1"
        },
        "greenlet": {
            "hashes": [
                "sha256:0411b5bf0de5ec11060925fd811ad49073fa19f995bcf408839eb619b59bb9f7",
                "sha256:131f4ed14f0fd28d2a9fa50f79a57d5ed1c8f742d3ccac3d773fee09ef6fe217",
                "sha256:13510d32f8db72a0b3e1720dbf8cba5c4eecdf07abc4cb631982f51256c453d1",
                "sha256:31dc4d77ef04ab0460d024786f51466dbbc274fda7c8aad0885a6df5ff8d642e",
                "sha256:35021d9fecea53b21e4defec0ff3ad69a8e2b75aca1ceddd444a5ba71216547e",
                "sha256:426a8ef9e3b97c27e841648241c2862442c13c91ec4a48c4a72b262ccf30add9",
                "sha256:58217698193fb94f3e6ff57eed0ae20381a8d06c2bc10151f76c06bb449a3a19",
                "sha256:5f45adbbb69281845981bb4e0a4efb8a405f10f3cd6c349cb4a5db3357c6bf93",
                "sha256:5fdb524767288f7ad161d2182f7ed6cafc0a283363728dcd04b9485f6411547c",
                "sha256:71fbee1f7ef3fb42efa3761a8faefc796e7e425f528de536cfb4c9de03bde885",
                "sha256:80bd314157851d06f7db7ca527082dbb0ee97afefb529cdcd59f7a5950927ba0",
                "sha256:b843c9ef6aed54a2649887f55959da0031595ccfaf7e7a0ba7aa681ffeaa0aa1",
                "sha256:c6a05ef8125503d2d282ccf1448e3599b8a6bd805c3cdee79760fa3da0ea090e",
                "sha256:deeda2769a52db840efe5bf7bdf7cefa0ae17b43a844a3259d39fb9465c8b008",
                "sha256:e66f8b09eec1afdcab947d3a1d65b87b25fde39e9172ae1bec562488335633b4",
                "sha256:e8db93045414980dbada8908d49dbbc0aa134277da3ff613b3e548cb275bdd37",
                "sha256:f1cc268a15ade58d9a0c04569fe6613e19b8b0345b64453064e2c3c6d79051af",
                "sha256:fe3001b6a4f3f3582a865b9e5081cc548b973ec20320f297f5e2d46860e9c703",
                "sha256:fe85bf7adb26eb47ad53a1bae5d35a28df16b2b93b89042a3a28746617a4738d"
            ],
            "markers": "platform_python_implementation == 'CPython'",
            "version": "==0.4.14"
        },
        "kafka-python": {
            "hashes": [
                "sha256:078acdcd1fc6eddacc46d437c664998b4cf7613b7e79ced66a460965f2648f88",
                "sha256:0b56f286b674dcb331d80c1d39a01a753cc3acc962bee707da5f207db74f0a26"
            ],
            "index": "pypi",
            "version": "==1.4.3"
        },
        "redis": {
            "hashes": [
                "sha256:8a1900a9f2a0a44ecf6e8b5eb3e967a9909dfed219ad66df094f27f7d6f330fb",
                "sha256:a22ca993cea2962dbb588f9f30d0015ac4afcc45bee27d3978c0dbe9e97c6c0f"
            ],
            "index": "pypi",
            "version": "==2.10.6"
        }
    },
    "develop": {}
}
